
Microsoft Visual Studio Solution File, Format Version 12.00
# Visual Studio Version 16
VisualStudioVersion = 16.0.31613.86
MinimumVisualStudioVersion = 10.0.40219.1
Project("{FAE04EC0-301F-11D3-BF4B-00C04F79EFBC}") = "VideoMenu2021", "VideoMenu2021\VideoMenu2021.csproj", "{8B3A9391-B3A8-42F2-A8D7-7C78A0BCF8E3}"
EndProject
Project("{FAE04EC0-301F-11D3-BF4B-00C04F79EFBC}") = "VideoMenuLibrary", "VideoMenuLibrary\VideoMenuLibrary.csproj", "{AC5A257F-64A3-4E17-BC2D-44BD40CD8F2B}"
EndProject
Global
	GlobalSection(SolutionConfigurationPlatforms) = preSolution
		Debug|Any CPU = Debug|Any CPU
		Release|Any CPU = Release|Any CPU
	EndGlobalSection
	GlobalSection(ProjectConfigurationPlatforms) = postSolution
		{8B3A9391-B3A8-42F2-A8D7-7C78A0BCF8E3}.Debug|Any CPU.ActiveCfg = Debug|Any CPU
		{8B3A9391-B3A8-42F2-A8D7-7C78A0BCF8E3}.Debug|Any CPU.Build.0 = Debug|Any CPU
		{8B3A9391-B3A8-42F2-A8D7-7C78A0BCF8E3}.Release|Any CPU.ActiveCfg = Release|Any CPU
		{8B3A9391-B3A8-42F2-A8D7-7C78A0BCF8E3}.Release|Any CPU.Build.0 = Release|Any CPU
		{AC5A257F-64A3-4E17-BC2D-44BD40CD8F2B}.Debug|Any CPU.ActiveCfg = Debug|Any CPU
		{AC5A257F-64A3-4E17-BC2D-44BD40CD8F2B}.Debug|Any CPU.Build.0 = Debug|Any CPU
		{AC5A257F-64A3-4E17-BC2D-44BD40CD8F2B}.Release|Any CPU.ActiveCfg = Release|Any CPU
		{AC5A257F-64A3-4E17-BC2D-44BD40CD8F2B}.Release|Any CPU.Build.0 = Release|Any CPU
	EndGlobalSection
	GlobalSection(SolutionProperties) = preSolution
		HideSolutionNode = FALSE
	EndGlobalSection
	GlobalSection(ExtensibilityGlobals) = postSolution
		SolutionGuid = {39435B17-DB65-47D0-87C7-CF79EE42A1C6}
	EndGlobalSection
EndGlobal
